
Microsoft Visual Studio Solution File, Format Version 12.00
# Visual Studio Version 17
VisualStudioVersion = 17.5.2.0
MinimumVisualStudioVersion = 10.0.40219.1
Project("{FAE04EC0-301F-11D3-BF4B-00C04F79EFBC}") = "GridVids", "GridVids.csproj", "{54AF3A80-DDDD-9A6A-4A17-BFCFFB4619BC}"
EndProject
Global
	GlobalSection(SolutionConfigurationPlatforms) = preSolution
		Debug|Any CPU = Debug|Any CPU
		Release|Any CPU = Release|Any CPU
	EndGlobalSection
	GlobalSection(ProjectConfigurationPlatforms) = postSolution
		{54AF3A80-DDDD-9A6A-4A17-BFCFFB4619BC}.Debug|Any CPU.ActiveCfg = Debug|Any CPU
		{54AF3A80-DDDD-9A6A-4A17-BFCFFB4619BC}.Debug|Any CPU.Build.0 = Debug|Any CPU
		{54AF3A80-DDDD-9A6A-4A17-BFCFFB4619BC}.Release|Any CPU.ActiveCfg = Release|Any CPU
		{54AF3A80-DDDD-9A6A-4A17-BFCFFB4619BC}.Release|Any CPU.Build.0 = Release|Any CPU
	EndGlobalSection
	GlobalSection(SolutionProperties) = preSolution
		HideSolutionNode = FALSE
	EndGlobalSection
	GlobalSection(ExtensibilityGlobals) = postSolution
		SolutionGuid = {1680BFA6-F184-4061-8D76-B520C004E30B}
	EndGlobalSection
EndGlobal
